
Microsoft Visual Studio Solution File, Format Version 12.00
# Visual Studio Version 17
VisualStudioVersion = 17.0.31903.59
MinimumVisualStudioVersion = 10.0.40219.1
Project("{FAE04EC0-301F-11D3-BF4B-00C04F79EFBC}") = "Flowtap_Domain", "SharedCore\Flowtap_Domain\Flowtap_Domain.csproj", "{FE0E39A2-3206-4402-866E-05166D2AF561}"
EndProject
Project("{FAE04EC0-301F-11D3-BF4B-00C04F79EFBC}") = "Flowtap_Application", "SharedCore\Flowtap_Application\Flowtap_Application.csproj", "{01E3C8CB-5ABF-4EEB-9A18-28DBF96A6474}"
EndProject
Project("{FAE04EC0-301F-11D3-BF4B-00C04F79EFBC}") = "Flowtap_Infrastructure", "SharedCore\Flowtap_Infrastructure\Flowtap_Infrastructure.csproj", "{DBA1B3E0-FDFA-4142-AF15-86B87DC32424}"
EndProject
Project("{FAE04EC0-301F-11D3-BF4B-00C04F79EFBC}") = "Flowtap_Configuration", "SharedCore\Flowtap_Configuration\Flowtap_Configuration.csproj", "{A7C951D8-4CA8-47CD-8EBC-064724560D8D}"
EndProject
Project("{FAE04EC0-301F-11D3-BF4B-00C04F79EFBC}") = "Flowtap_Middleware", "SharedCore\Flowtap_Middleware\Flowtap_Middleware.csproj", "{505A8CA9-5CFD-45C5-86FD-6F0640A98ABC}"
EndProject
Project("{FAE04EC0-301F-11D3-BF4B-00C04F79EFBC}") = "Flowtap_Presentation", "APIEndpoints\Flowtap_Presentation\Flowtap_Presentation.csproj", "{AFA71483-3ABA-4736-A23B-DFCD10C32FDB}"
EndProject
Project("{FAE04EC0-301F-11D3-BF4B-00C04F79EFBC}") = "Flowtap_Test", "Tests\Flowtap_Test\Flowtap_Test.csproj", "{B5EF81A1-F646-4CFD-9014-F8F6AEE63280}"
EndProject
Project("{FAE04EC0-301F-11D3-BF4B-00C04F79EFBC}") = "Flowtap_Repair", "IndustryModules\Flowtap_Repair\Flowtap_Repair.csproj", "{CF9ED2E2-2CE4-4190-A17D-83F1D52C08A1}"
EndProject
Project("{FAE04EC0-301F-11D3-BF4B-00C04F79EFBC}") = "Flowtap_Repair_API", "APIEndpoints\Flowtap_Repair_API\Flowtap_Repair_API.csproj", "{8A675DD3-5F10-40F3-8391-BA37C5D98119}"
EndProject
Project("{FAE04EC0-301F-11D3-BF4B-00C04F79EFBC}") = "Flowtap_Food", "IndustryModules\Flowtap_Food\Flowtap_Food.csproj", "{D3A7F2B1-8C34-4E5F-A912-B6C7D8E9F012}"
EndProject
Project("{FAE04EC0-301F-11D3-BF4B-00C04F79EFBC}") = "Flowtap_Food_API", "APIEndpoints\Flowtap_Food_API\Flowtap_Food_API.csproj", "{FEBB2E8D-59AE-10F9-3A34-0C70D3F37754}"
EndProject
Project("{FAE04EC0-301F-11D3-BF4B-00C04F79EFBC}") = "Flowtap_Hotel", "IndustryModules\Flowtap_Hotel\Flowtap_Hotel.csproj", "{13B523EE-690D-1ED2-585C-264DA9C27934}"
EndProject
Project("{FAE04EC0-301F-11D3-BF4B-00C04F79EFBC}") = "Flowtap_Hotel_API", "APIEndpoints\Flowtap_Hotel_API\Flowtap_Hotel_API.csproj", "{E2D4AC5C-7126-4275-4DD3-8718592374EC}"
EndProject
Project("{FAE04EC0-301F-11D3-BF4B-00C04F79EFBC}") = "Flowtap_Medical", "IndustryModules\Flowtap_Medical\Flowtap_Medical.csproj", "{3C321599-F2C9-4C4A-C975-4631F66427A5}"
EndProject
Project("{FAE04EC0-301F-11D3-BF4B-00C04F79EFBC}") = "Flowtap_Medical_API", "APIEndpoints\Flowtap_Medical_API\Flowtap_Medical_API.csproj", "{6D3DA2CA-FDE3-0FBA-9BCE-59B9DD8D2B47}"
EndProject
Project("{FAE04EC0-301F-11D3-BF4B-00C04F79EFBC}") = "Flowtap_Jewelry", "IndustryModules\Flowtap_Jewelry\Flowtap_Jewelry.csproj", "{8356CF9D-6B9D-5E70-82B5-B7B0CDFCCE74}"
EndProject
Project("{FAE04EC0-301F-11D3-BF4B-00C04F79EFBC}") = "Flowtap_Jewelry_API", "APIEndpoints\Flowtap_Jewelry_API\Flowtap_Jewelry_API.csproj", "{19EC1D02-9EB7-8B29-97AA-9739A4D6E82E}"
EndProject
Project("{2150E333-8FDC-42A3-9474-1A3956D46DE8}") = "1 � Shared Core", "1 � Shared Core", "{AA000001-0000-0000-0000-000000000001}"
EndProject
Project("{2150E333-8FDC-42A3-9474-1A3956D46DE8}") = "2 � Industry Modules", "2 � Industry Modules", "{AA000002-0000-0000-0000-000000000002}"
EndProject
Project("{2150E333-8FDC-42A3-9474-1A3956D46DE8}") = "3 � API Entry Points", "3 � API Entry Points", "{AA000003-0000-0000-0000-000000000003}"
EndProject
Project("{FAE04EC0-301F-11D3-BF4B-00C04F79EFBC}") = "Flowtap_Presentation.Core", "SharedCore\Flowtap_Presentation.Core\Flowtap_Presentation.Core.csproj", "{4875DB13-341A-424A-9F3E-3836F6567A2C}"
EndProject
Global
	GlobalSection(SolutionConfigurationPlatforms) = preSolution
		Debug|Any CPU = Debug|Any CPU
		Debug|x64 = Debug|x64
		Debug|x86 = Debug|x86
		Release|Any CPU = Release|Any CPU
		Release|x64 = Release|x64
		Release|x86 = Release|x86
	EndGlobalSection
	GlobalSection(ProjectConfigurationPlatforms) = postSolution
		{FE0E39A2-3206-4402-866E-05166D2AF561}.Debug|Any CPU.ActiveCfg = Debug|Any CPU
		{FE0E39A2-3206-4402-866E-05166D2AF561}.Debug|Any CPU.Build.0 = Debug|Any CPU
		{FE0E39A2-3206-4402-866E-05166D2AF561}.Debug|x64.ActiveCfg = Debug|Any CPU
		{FE0E39A2-3206-4402-866E-05166D2AF561}.Debug|x64.Build.0 = Debug|Any CPU
		{FE0E39A2-3206-4402-866E-05166D2AF561}.Debug|x86.ActiveCfg = Debug|Any CPU
		{FE0E39A2-3206-4402-866E-05166D2AF561}.Debug|x86.Build.0 = Debug|Any CPU
		{FE0E39A2-3206-4402-866E-05166D2AF561}.Release|Any CPU.ActiveCfg = Release|Any CPU
		{FE0E39A2-3206-4402-866E-05166D2AF561}.Release|Any CPU.Build.0 = Release|Any CPU
		{FE0E39A2-3206-4402-866E-05166D2AF561}.Release|x64.ActiveCfg = Release|Any CPU
		{FE0E39A2-3206-4402-866E-05166D2AF561}.Release|x64.Build.0 = Release|Any CPU
		{FE0E39A2-3206-4402-866E-05166D2AF561}.Release|x86.ActiveCfg = Release|Any CPU
		{FE0E39A2-3206-4402-866E-05166D2AF561}.Release|x86.Build.0 = Release|Any CPU
		{01E3C8CB-5ABF-4EEB-9A18-28DBF96A6474}.Debug|Any CPU.ActiveCfg = Debug|Any CPU
		{01E3C8CB-5ABF-4EEB-9A18-28DBF96A6474}.Debug|Any CPU.Build.0 = Debug|Any CPU
		{01E3C8CB-5ABF-4EEB-9A18-28DBF96A6474}.Debug|x64.ActiveCfg = Debug|Any CPU
		{01E3C8CB-5ABF-4EEB-9A18-28DBF96A6474}.Debug|x64.Build.0 = Debug|Any CPU
		{01E3C8CB-5ABF-4EEB-9A18-28DBF96A6474}.Debug|x86.ActiveCfg = Debug|Any CPU
		{01E3C8CB-5ABF-4EEB-9A18-28DBF96A6474}.Debug|x86.Build.0 = Debug|Any CPU
		{01E3C8CB-5ABF-4EEB-9A18-28DBF96A6474}.Release|Any CPU.ActiveCfg = Release|Any CPU
		{01E3C8CB-5ABF-4EEB-9A18-28DBF96A6474}.Release|Any CPU.Build.0 = Release|Any CPU
		{01E3C8CB-5ABF-4EEB-9A18-28DBF96A6474}.Release|x64.ActiveCfg = Release|Any CPU
		{01E3C8CB-5ABF-4EEB-9A18-28DBF96A6474}.Release|x64.Build.0 = Release|Any CPU
		{01E3C8CB-5ABF-4EEB-9A18-28DBF96A6474}.Release|x86.ActiveCfg = Release|Any CPU
		{01E3C8CB-5ABF-4EEB-9A18-28DBF96A6474}.Release|x86.Build.0 = Release|Any CPU
		{DBA1B3E0-FDFA-4142-AF15-86B87DC32424}.Debug|Any CPU.ActiveCfg = Debug|Any CPU
		{DBA1B3E0-FDFA-4142-AF15-86B87DC32424}.Debug|Any CPU.Build.0 = Debug|Any CPU
		{DBA1B3E0-FDFA-4142-AF15-86B87DC32424}.Debug|x64.ActiveCfg = Debug|Any CPU
		{DBA1B3E0-FDFA-4142-AF15-86B87DC32424}.Debug|x64.Build.0 = Debug|Any CPU
		{DBA1B3E0-FDFA-4142-AF15-86B87DC32424}.Debug|x86.ActiveCfg = Debug|Any CPU
		{DBA1B3E0-FDFA-4142-AF15-86B87DC32424}.Debug|x86.Build.0 = Debug|Any CPU
		{DBA1B3E0-FDFA-4142-AF15-86B87DC32424}.Release|Any CPU.ActiveCfg = Release|Any CPU
		{DBA1B3E0-FDFA-4142-AF15-86B87DC32424}.Release|Any CPU.Build.0 = Release|Any CPU
		{DBA1B3E0-FDFA-4142-AF15-86B87DC32424}.Release|x64.ActiveCfg = Release|Any CPU
		{DBA1B3E0-FDFA-4142-AF15-86B87DC32424}.Release|x64.Build.0 = Release|Any CPU
		{DBA1B3E0-FDFA-4142-AF15-86B87DC32424}.Release|x86.ActiveCfg = Release|Any CPU
		{DBA1B3E0-FDFA-4142-AF15-86B87DC32424}.Release|x86.Build.0 = Release|Any CPU
		{A7C951D8-4CA8-47CD-8EBC-064724560D8D}.Debug|Any CPU.ActiveCfg = Debug|Any CPU
		{A7C951D8-4CA8-47CD-8EBC-064724560D8D}.Debug|Any CPU.Build.0 = Debug|Any CPU
		{A7C951D8-4CA8-47CD-8EBC-064724560D8D}.Debug|x64.ActiveCfg = Debug|Any CPU
		{A7C951D8-4CA8-47CD-8EBC-064724560D8D}.Debug|x64.Build.0 = Debug|Any CPU
		{A7C951D8-4CA8-47CD-8EBC-064724560D8D}.Debug|x86.ActiveCfg = Debug|Any CPU
		{A7C951D8-4CA8-47CD-8EBC-064724560D8D}.Debug|x86.Build.0 = Debug|Any CPU
		{A7C951D8-4CA8-47CD-8EBC-064724560D8D}.Release|Any CPU.ActiveCfg = Release|Any CPU
		{A7C951D8-4CA8-47CD-8EBC-064724560D8D}.Release|Any CPU.Build.0 = Release|Any CPU
		{A7C951D8-4CA8-47CD-8EBC-064724560D8D}.Release|x64.ActiveCfg = Release|Any CPU
		{A7C951D8-4CA8-47CD-8EBC-064724560D8D}.Release|x64.Build.0 = Release|Any CPU
		{A7C951D8-4CA8-47CD-8EBC-064724560D8D}.Release|x86.ActiveCfg = Release|Any CPU
		{A7C951D8-4CA8-47CD-8EBC-064724560D8D}.Release|x86.Build.0 = Release|Any CPU
		{505A8CA9-5CFD-45C5-86FD-6F0640A98ABC}.Debug|Any CPU.ActiveCfg = Debug|Any CPU
		{505A8CA9-5CFD-45C5-86FD-6F0640A98ABC}.Debug|Any CPU.Build.0 = Debug|Any CPU
		{505A8CA9-5CFD-45C5-86FD-6F0640A98ABC}.Debug|x64.ActiveCfg = Debug|Any CPU
		{505A8CA9-5CFD-45C5-86FD-6F0640A98ABC}.Debug|x64.Build.0 = Debug|Any CPU
		{505A8CA9-5CFD-45C5-86FD-6F0640A98ABC}.Debug|x86.ActiveCfg = Debug|Any CPU
		{505A8CA9-5CFD-45C5-86FD-6F0640A98ABC}.Debug|x86.Build.0 = Debug|Any CPU
		{505A8CA9-5CFD-45C5-86FD-6F0640A98ABC}.Release|Any CPU.ActiveCfg = Release|Any CPU
		{505A8CA9-5CFD-45C5-86FD-6F0640A98ABC}.Release|Any CPU.Build.0 = Release|Any CPU
		{505A8CA9-5CFD-45C5-86FD-6F0640A98ABC}.Release|x64.ActiveCfg = Release|Any CPU
		{505A8CA9-5CFD-45C5-86FD-6F0640A98ABC}.Release|x64.Build.0 = Release|Any CPU
		{505A8CA9-5CFD-45C5-86FD-6F0640A98ABC}.Release|x86.ActiveCfg = Release|Any CPU
		{505A8CA9-5CFD-45C5-86FD-6F0640A98ABC}.Release|x86.Build.0 = Release|Any CPU
		{AFA71483-3ABA-4736-A23B-DFCD10C32FDB}.Debug|Any CPU.ActiveCfg = Debug|Any CPU
		{AFA71483-3ABA-4736-A23B-DFCD10C32FDB}.Debug|Any CPU.Build.0 = Debug|Any CPU
		{AFA71483-3ABA-4736-A23B-DFCD10C32FDB}.Debug|x64.ActiveCfg = Debug|Any CPU
		{AFA71483-3ABA-4736-A23B-DFCD10C32FDB}.Debug|x64.Build.0 = Debug|Any CPU
		{AFA71483-3ABA-4736-A23B-DFCD10C32FDB}.Debug|x86.ActiveCfg = Debug|Any CPU
		{AFA71483-3ABA-4736-A23B-DFCD10C32FDB}.Debug|x86.Build.0 = Debug|Any CPU
		{AFA71483-3ABA-4736-A23B-DFCD10C32FDB}.Release|Any CPU.ActiveCfg = Release|Any CPU
		{AFA71483-3ABA-4736-A23B-DFCD10C32FDB}.Release|Any CPU.Build.0 = Release|Any CPU
		{AFA71483-3ABA-4736-A23B-DFCD10C32FDB}.Release|x64.ActiveCfg = Release|Any CPU
		{AFA71483-3ABA-4736-A23B-DFCD10C32FDB}.Release|x64.Build.0 = Release|Any CPU
		{AFA71483-3ABA-4736-A23B-DFCD10C32FDB}.Release|x86.ActiveCfg = Release|Any CPU
		{AFA71483-3ABA-4736-A23B-DFCD10C32FDB}.Release|x86.Build.0 = Release|Any CPU
		{B5EF81A1-F646-4CFD-9014-F8F6AEE63280}.Debug|Any CPU.ActiveCfg = Debug|Any CPU
		{B5EF81A1-F646-4CFD-9014-F8F6AEE63280}.Debug|Any CPU.Build.0 = Debug|Any CPU
		{B5EF81A1-F646-4CFD-9014-F8F6AEE63280}.Debug|x64.ActiveCfg = Debug|Any CPU
		{B5EF81A1-F646-4CFD-9014-F8F6AEE63280}.Debug|x64.Build.0 = Debug|Any CPU
		{B5EF81A1-F646-4CFD-9014-F8F6AEE63280}.Debug|x86.ActiveCfg = Debug|Any CPU
		{B5EF81A1-F646-4CFD-9014-F8F6AEE63280}.Debug|x86.Build.0 = Debug|Any CPU
		{B5EF81A1-F646-4CFD-9014-F8F6AEE63280}.Release|Any CPU.ActiveCfg = Release|Any CPU
		{B5EF81A1-F646-4CFD-9014-F8F6AEE63280}.Release|Any CPU.Build.0 = Release|Any CPU
		{B5EF81A1-F646-4CFD-9014-F8F6AEE63280}.Release|x64.ActiveCfg = Release|Any CPU
		{B5EF81A1-F646-4CFD-9014-F8F6AEE63280}.Release|x64.Build.0 = Release|Any CPU
		{B5EF81A1-F646-4CFD-9014-F8F6AEE63280}.Release|x86.ActiveCfg = Release|Any CPU
		{B5EF81A1-F646-4CFD-9014-F8F6AEE63280}.Release|x86.Build.0 = Release|Any CPU
		{CF9ED2E2-2CE4-4190-A17D-83F1D52C08A1}.Debug|Any CPU.ActiveCfg = Debug|Any CPU
		{CF9ED2E2-2CE4-4190-A17D-83F1D52C08A1}.Debug|Any CPU.Build.0 = Debug|Any CPU
		{CF9ED2E2-2CE4-4190-A17D-83F1D52C08A1}.Debug|x64.ActiveCfg = Debug|Any CPU
		{CF9ED2E2-2CE4-4190-A17D-83F1D52C08A1}.Debug|x64.Build.0 = Debug|Any CPU
		{CF9ED2E2-2CE4-4190-A17D-83F1D52C08A1}.Debug|x86.ActiveCfg = Debug|Any CPU
		{CF9ED2E2-2CE4-4190-A17D-83F1D52C08A1}.Debug|x86.Build.0 = Debug|Any CPU
		{CF9ED2E2-2CE4-4190-A17D-83F1D52C08A1}.Release|Any CPU.ActiveCfg = Release|Any CPU
		{CF9ED2E2-2CE4-4190-A17D-83F1D52C08A1}.Release|Any CPU.Build.0 = Release|Any CPU
		{CF9ED2E2-2CE4-4190-A17D-83F1D52C08A1}.Release|x64.ActiveCfg = Release|Any CPU
		{CF9ED2E2-2CE4-4190-A17D-83F1D52C08A1}.Release|x64.Build.0 = Release|Any CPU
		{CF9ED2E2-2CE4-4190-A17D-83F1D52C08A1}.Release|x86.ActiveCfg = Release|Any CPU
		{CF9ED2E2-2CE4-4190-A17D-83F1D52C08A1}.Release|x86.Build.0 = Release|Any CPU
		{8A675DD3-5F10-40F3-8391-BA37C5D98119}.Debug|Any CPU.ActiveCfg = Debug|Any CPU
		{8A675DD3-5F10-40F3-8391-BA37C5D98119}.Debug|Any CPU.Build.0 = Debug|Any CPU
		{8A675DD3-5F10-40F3-8391-BA37C5D98119}.Debug|x64.ActiveCfg = Debug|Any CPU
		{8A675DD3-5F10-40F3-8391-BA37C5D98119}.Debug|x64.Build.0 = Debug|Any CPU
		{8A675DD3-5F10-40F3-8391-BA37C5D98119}.Debug|x86.ActiveCfg = Debug|Any CPU
		{8A675DD3-5F10-40F3-8391-BA37C5D98119}.Debug|x86.Build.0 = Debug|Any CPU
		{8A675DD3-5F10-40F3-8391-BA37C5D98119}.Release|Any CPU.ActiveCfg = Release|Any CPU
		{8A675DD3-5F10-40F3-8391-BA37C5D98119}.Release|Any CPU.Build.0 = Release|Any CPU
		{8A675DD3-5F10-40F3-8391-BA37C5D98119}.Release|x64.ActiveCfg = Release|Any CPU
		{8A675DD3-5F10-40F3-8391-BA37C5D98119}.Release|x64.Build.0 = Release|Any CPU
		{8A675DD3-5F10-40F3-8391-BA37C5D98119}.Release|x86.ActiveCfg = Release|Any CPU
		{8A675DD3-5F10-40F3-8391-BA37C5D98119}.Release|x86.Build.0 = Release|Any CPU
		{D3A7F2B1-8C34-4E5F-A912-B6C7D8E9F012}.Debug|Any CPU.ActiveCfg = Debug|Any CPU
		{D3A7F2B1-8C34-4E5F-A912-B6C7D8E9F012}.Debug|Any CPU.Build.0 = Debug|Any CPU
		{D3A7F2B1-8C34-4E5F-A912-B6C7D8E9F012}.Debug|x64.ActiveCfg = Debug|Any CPU
		{D3A7F2B1-8C34-4E5F-A912-B6C7D8E9F012}.Debug|x64.Build.0 = Debug|Any CPU
		{D3A7F2B1-8C34-4E5F-A912-B6C7D8E9F012}.Debug|x86.ActiveCfg = Debug|Any CPU
		{D3A7F2B1-8C34-4E5F-A912-B6C7D8E9F012}.Debug|x86.Build.0 = Debug|Any CPU
		{D3A7F2B1-8C34-4E5F-A912-B6C7D8E9F012}.Release|Any CPU.ActiveCfg = Release|Any CPU
		{D3A7F2B1-8C34-4E5F-A912-B6C7D8E9F012}.Release|Any CPU.Build.0 = Release|Any CPU
		{D3A7F2B1-8C34-4E5F-A912-B6C7D8E9F012}.Release|x64.ActiveCfg = Release|Any CPU
		{D3A7F2B1-8C34-4E5F-A912-B6C7D8E9F012}.Release|x64.Build.0 = Release|Any CPU
		{D3A7F2B1-8C34-4E5F-A912-B6C7D8E9F012}.Release|x86.ActiveCfg = Release|Any CPU
		{D3A7F2B1-8C34-4E5F-A912-B6C7D8E9F012}.Release|x86.Build.0 = Release|Any CPU
		{4875DB13-341A-424A-9F3E-3836F6567A2C}.Debug|Any CPU.ActiveCfg = Debug|Any CPU
		{4875DB13-341A-424A-9F3E-3836F6567A2C}.Debug|Any CPU.Build.0 = Debug|Any CPU
		{4875DB13-341A-424A-9F3E-3836F6567A2C}.Debug|x64.ActiveCfg = Debug|Any CPU
		{4875DB13-341A-424A-9F3E-3836F6567A2C}.Debug|x64.Build.0 = Debug|Any CPU
		{4875DB13-341A-424A-9F3E-3836F6567A2C}.Debug|x86.ActiveCfg = Debug|Any CPU
		{4875DB13-341A-424A-9F3E-3836F6567A2C}.Debug|x86.Build.0 = Debug|Any CPU
		{4875DB13-341A-424A-9F3E-3836F6567A2C}.Release|Any CPU.ActiveCfg = Release|Any CPU
		{4875DB13-341A-424A-9F3E-3836F6567A2C}.Release|Any CPU.Build.0 = Release|Any CPU
		{4875DB13-341A-424A-9F3E-3836F6567A2C}.Release|x64.ActiveCfg = Release|Any CPU
		{4875DB13-341A-424A-9F3E-3836F6567A2C}.Release|x64.Build.0 = Release|Any CPU
		{4875DB13-341A-424A-9F3E-3836F6567A2C}.Release|x86.ActiveCfg = Release|Any CPU
		{4875DB13-341A-424A-9F3E-3836F6567A2C}.Release|x86.Build.0 = Release|Any CPU
		{FEBB2E8D-59AE-10F9-3A34-0C70D3F37754}.Debug|Any CPU.ActiveCfg = Debug|Any CPU
		{FEBB2E8D-59AE-10F9-3A34-0C70D3F37754}.Debug|Any CPU.Build.0 = Debug|Any CPU
		{FEBB2E8D-59AE-10F9-3A34-0C70D3F37754}.Debug|x64.ActiveCfg = Debug|Any CPU
		{FEBB2E8D-59AE-10F9-3A34-0C70D3F37754}.Debug|x64.Build.0 = Debug|Any CPU
		{FEBB2E8D-59AE-10F9-3A34-0C70D3F37754}.Debug|x86.ActiveCfg = Debug|Any CPU
		{FEBB2E8D-59AE-10F9-3A34-0C70D3F37754}.Debug|x86.Build.0 = Debug|Any CPU
		{FEBB2E8D-59AE-10F9-3A34-0C70D3F37754}.Release|Any CPU.ActiveCfg = Release|Any CPU
		{FEBB2E8D-59AE-10F9-3A34-0C70D3F37754}.Release|Any CPU.Build.0 = Release|Any CPU
		{FEBB2E8D-59AE-10F9-3A34-0C70D3F37754}.Release|x64.ActiveCfg = Release|Any CPU
		{FEBB2E8D-59AE-10F9-3A34-0C70D3F37754}.Release|x64.Build.0 = Release|Any CPU
		{FEBB2E8D-59AE-10F9-3A34-0C70D3F37754}.Release|x86.ActiveCfg = Release|Any CPU
		{FEBB2E8D-59AE-10F9-3A34-0C70D3F37754}.Release|x86.Build.0 = Release|Any CPU
		{13B523EE-690D-1ED2-585C-264DA9C27934}.Debug|Any CPU.ActiveCfg = Debug|Any CPU
		{13B523EE-690D-1ED2-585C-264DA9C27934}.Debug|Any CPU.Build.0 = Debug|Any CPU
		{13B523EE-690D-1ED2-585C-264DA9C27934}.Debug|x64.ActiveCfg = Debug|Any CPU
		{13B523EE-690D-1ED2-585C-264DA9C27934}.Debug|x64.Build.0 = Debug|Any CPU
		{13B523EE-690D-1ED2-585C-264DA9C27934}.Debug|x86.ActiveCfg = Debug|Any CPU
		{13B523EE-690D-1ED2-585C-264DA9C27934}.Debug|x86.Build.0 = Debug|Any CPU
		{13B523EE-690D-1ED2-585C-264DA9C27934}.Release|Any CPU.ActiveCfg = Release|Any CPU
		{13B523EE-690D-1ED2-585C-264DA9C27934}.Release|Any CPU.Build.0 = Release|Any CPU
		{13B523EE-690D-1ED2-585C-264DA9C27934}.Release|x64.ActiveCfg = Release|Any CPU
		{13B523EE-690D-1ED2-585C-264DA9C27934}.Release|x64.Build.0 = Release|Any CPU
		{13B523EE-690D-1ED2-585C-264DA9C27934}.Release|x86.ActiveCfg = Release|Any CPU
		{13B523EE-690D-1ED2-585C-264DA9C27934}.Release|x86.Build.0 = Release|Any CPU
		{E2D4AC5C-7126-4275-4DD3-8718592374EC}.Debug|Any CPU.ActiveCfg = Debug|Any CPU
		{E2D4AC5C-7126-4275-4DD3-8718592374EC}.Debug|Any CPU.Build.0 = Debug|Any CPU
		{E2D4AC5C-7126-4275-4DD3-8718592374EC}.Debug|x64.ActiveCfg = Debug|Any CPU
		{E2D4AC5C-7126-4275-4DD3-8718592374EC}.Debug|x64.Build.0 = Debug|Any CPU
		{E2D4AC5C-7126-4275-4DD3-8718592374EC}.Debug|x86.ActiveCfg = Debug|Any CPU
		{E2D4AC5C-7126-4275-4DD3-8718592374EC}.Debug|x86.Build.0 = Debug|Any CPU
		{E2D4AC5C-7126-4275-4DD3-8718592374EC}.Release|Any CPU.ActiveCfg = Release|Any CPU
		{E2D4AC5C-7126-4275-4DD3-8718592374EC}.Release|Any CPU.Build.0 = Release|Any CPU
		{E2D4AC5C-7126-4275-4DD3-8718592374EC}.Release|x64.ActiveCfg = Release|Any CPU
		{E2D4AC5C-7126-4275-4DD3-8718592374EC}.Release|x64.Build.0 = Release|Any CPU
		{E2D4AC5C-7126-4275-4DD3-8718592374EC}.Release|x86.ActiveCfg = Release|Any CPU
		{E2D4AC5C-7126-4275-4DD3-8718592374EC}.Release|x86.Build.0 = Release|Any CPU
		{3C321599-F2C9-4C4A-C975-4631F66427A5}.Debug|Any CPU.ActiveCfg = Debug|Any CPU
		{3C321599-F2C9-4C4A-C975-4631F66427A5}.Debug|Any CPU.Build.0 = Debug|Any CPU
		{3C321599-F2C9-4C4A-C975-4631F66427A5}.Debug|x64.ActiveCfg = Debug|Any CPU
		{3C321599-F2C9-4C4A-C975-4631F66427A5}.Debug|x64.Build.0 = Debug|Any CPU
		{3C321599-F2C9-4C4A-C975-4631F66427A5}.Debug|x86.ActiveCfg = Debug|Any CPU
		{3C321599-F2C9-4C4A-C975-4631F66427A5}.Debug|x86.Build.0 = Debug|Any CPU
		{3C321599-F2C9-4C4A-C975-4631F66427A5}.Release|Any CPU.ActiveCfg = Release|Any CPU
		{3C321599-F2C9-4C4A-C975-4631F66427A5}.Release|Any CPU.Build.0 = Release|Any CPU
		{3C321599-F2C9-4C4A-C975-4631F66427A5}.Release|x64.ActiveCfg = Release|Any CPU
		{3C321599-F2C9-4C4A-C975-4631F66427A5}.Release|x64.Build.0 = Release|Any CPU
		{3C321599-F2C9-4C4A-C975-4631F66427A5}.Release|x86.ActiveCfg = Release|Any CPU
		{3C321599-F2C9-4C4A-C975-4631F66427A5}.Release|x86.Build.0 = Release|Any CPU
		{6D3DA2CA-FDE3-0FBA-9BCE-59B9DD8D2B47}.Debug|Any CPU.ActiveCfg = Debug|Any CPU
		{6D3DA2CA-FDE3-0FBA-9BCE-59B9DD8D2B47}.Debug|Any CPU.Build.0 = Debug|Any CPU
		{6D3DA2CA-FDE3-0FBA-9BCE-59B9DD8D2B47}.Debug|x64.ActiveCfg = Debug|Any CPU
		{6D3DA2CA-FDE3-0FBA-9BCE-59B9DD8D2B47}.Debug|x64.Build.0 = Debug|Any CPU
		{6D3DA2CA-FDE3-0FBA-9BCE-59B9DD8D2B47}.Debug|x86.ActiveCfg = Debug|Any CPU
		{6D3DA2CA-FDE3-0FBA-9BCE-59B9DD8D2B47}.Debug|x86.Build.0 = Debug|Any CPU
		{6D3DA2CA-FDE3-0FBA-9BCE-59B9DD8D2B47}.Release|Any CPU.ActiveCfg = Release|Any CPU
		{6D3DA2CA-FDE3-0FBA-9BCE-59B9DD8D2B47}.Release|Any CPU.Build.0 = Release|Any CPU
		{6D3DA2CA-FDE3-0FBA-9BCE-59B9DD8D2B47}.Release|x64.ActiveCfg = Release|Any CPU
		{6D3DA2CA-FDE3-0FBA-9BCE-59B9DD8D2B47}.Release|x64.Build.0 = Release|Any CPU
		{6D3DA2CA-FDE3-0FBA-9BCE-59B9DD8D2B47}.Release|x86.ActiveCfg = Release|Any CPU
		{6D3DA2CA-FDE3-0FBA-9BCE-59B9DD8D2B47}.Release|x86.Build.0 = Release|Any CPU
		{8356CF9D-6B9D-5E70-82B5-B7B0CDFCCE74}.Debug|Any CPU.ActiveCfg = Debug|Any CPU
		{8356CF9D-6B9D-5E70-82B5-B7B0CDFCCE74}.Debug|Any CPU.Build.0 = Debug|Any CPU
		{8356CF9D-6B9D-5E70-82B5-B7B0CDFCCE74}.Debug|x64.ActiveCfg = Debug|Any CPU
		{8356CF9D-6B9D-5E70-82B5-B7B0CDFCCE74}.Debug|x64.Build.0 = Debug|Any CPU
		{8356CF9D-6B9D-5E70-82B5-B7B0CDFCCE74}.Debug|x86.ActiveCfg = Debug|Any CPU
		{8356CF9D-6B9D-5E70-82B5-B7B0CDFCCE74}.Debug|x86.Build.0 = Debug|Any CPU
		{8356CF9D-6B9D-5E70-82B5-B7B0CDFCCE74}.Release|Any CPU.ActiveCfg = Release|Any CPU
		{8356CF9D-6B9D-5E70-82B5-B7B0CDFCCE74}.Release|Any CPU.Build.0 = Release|Any CPU
		{8356CF9D-6B9D-5E70-82B5-B7B0CDFCCE74}.Release|x64.ActiveCfg = Release|Any CPU
		{8356CF9D-6B9D-5E70-82B5-B7B0CDFCCE74}.Release|x64.Build.0 = Release|Any CPU
		{8356CF9D-6B9D-5E70-82B5-B7B0CDFCCE74}.Release|x86.ActiveCfg = Release|Any CPU
		{8356CF9D-6B9D-5E70-82B5-B7B0CDFCCE74}.Release|x86.Build.0 = Release|Any CPU
		{19EC1D02-9EB7-8B29-97AA-9739A4D6E82E}.Debug|Any CPU.ActiveCfg = Debug|Any CPU
		{19EC1D02-9EB7-8B29-97AA-9739A4D6E82E}.Debug|Any CPU.Build.0 = Debug|Any CPU
		{19EC1D02-9EB7-8B29-97AA-9739A4D6E82E}.Debug|x64.ActiveCfg = Debug|Any CPU
		{19EC1D02-9EB7-8B29-97AA-9739A4D6E82E}.Debug|x64.Build.0 = Debug|Any CPU
		{19EC1D02-9EB7-8B29-97AA-9739A4D6E82E}.Debug|x86.ActiveCfg = Debug|Any CPU
		{19EC1D02-9EB7-8B29-97AA-9739A4D6E82E}.Debug|x86.Build.0 = Debug|Any CPU
		{19EC1D02-9EB7-8B29-97AA-9739A4D6E82E}.Release|Any CPU.ActiveCfg = Release|Any CPU
		{19EC1D02-9EB7-8B29-97AA-9739A4D6E82E}.Release|Any CPU.Build.0 = Release|Any CPU
		{19EC1D02-9EB7-8B29-97AA-9739A4D6E82E}.Release|x64.ActiveCfg = Release|Any CPU
		{19EC1D02-9EB7-8B29-97AA-9739A4D6E82E}.Release|x64.Build.0 = Release|Any CPU
		{19EC1D02-9EB7-8B29-97AA-9739A4D6E82E}.Release|x86.ActiveCfg = Release|Any CPU
		{19EC1D02-9EB7-8B29-97AA-9739A4D6E82E}.Release|x86.Build.0 = Release|Any CPU
	EndGlobalSection
	GlobalSection(SolutionProperties) = preSolution
		HideSolutionNode = FALSE
	EndGlobalSection
	GlobalSection(NestedProjects) = preSolution
		{FE0E39A2-3206-4402-866E-05166D2AF561} = {AA000001-0000-0000-0000-000000000001}
		{01E3C8CB-5ABF-4EEB-9A18-28DBF96A6474} = {AA000001-0000-0000-0000-000000000001}
		{DBA1B3E0-FDFA-4142-AF15-86B87DC32424} = {AA000001-0000-0000-0000-000000000001}
		{A7C951D8-4CA8-47CD-8EBC-064724560D8D} = {AA000001-0000-0000-0000-000000000001}
		{505A8CA9-5CFD-45C5-86FD-6F0640A98ABC} = {AA000001-0000-0000-0000-000000000001}
		{4875DB13-341A-424A-9F3E-3836F6567A2C} = {AA000001-0000-0000-0000-000000000001}
		{AFA71483-3ABA-4736-A23B-DFCD10C32FDB} = {AA000003-0000-0000-0000-000000000003}
		{B5EF81A1-F646-4CFD-9014-F8F6AEE63280} = {AA000003-0000-0000-0000-000000000003}
		{CF9ED2E2-2CE4-4190-A17D-83F1D52C08A1} = {AA000002-0000-0000-0000-000000000002}
		{D3A7F2B1-8C34-4E5F-A912-B6C7D8E9F012} = {AA000002-0000-0000-0000-000000000002}
		{13B523EE-690D-1ED2-585C-264DA9C27934} = {AA000002-0000-0000-0000-000000000002}
		{3C321599-F2C9-4C4A-C975-4631F66427A5} = {AA000002-0000-0000-0000-000000000002}
		{8356CF9D-6B9D-5E70-82B5-B7B0CDFCCE74} = {AA000002-0000-0000-0000-000000000002}
		{8A675DD3-5F10-40F3-8391-BA37C5D98119} = {AA000003-0000-0000-0000-000000000003}
		{FEBB2E8D-59AE-10F9-3A34-0C70D3F37754} = {AA000003-0000-0000-0000-000000000003}
		{E2D4AC5C-7126-4275-4DD3-8718592374EC} = {AA000003-0000-0000-0000-000000000003}
		{6D3DA2CA-FDE3-0FBA-9BCE-59B9DD8D2B47} = {AA000003-0000-0000-0000-000000000003}
		{19EC1D02-9EB7-8B29-97AA-9739A4D6E82E} = {AA000003-0000-0000-0000-000000000003}
	EndGlobalSection
EndGlobal


